
Microsoft Visual Studio Solution File, Format Version 12.00
# Visual Studio 15
Project("{FAE04EC0-301F-11D3-BF4B-00C04F79EFBC}") = "Students", "SIngletonPatternVehicle\Students.csproj", "{5C897B23-379F-44DF-A8D4-AA6C77D6FCDA}"
EndProject
Project("{2150E333-8FDC-42A3-9474-1A3956D46DE8}") = "NormalStudents", "NormalStudents", "{9205171C-CECD-4F7D-8436-63F639B3C61B}"
EndProject
Project("{2150E333-8FDC-42A3-9474-1A3956D46DE8}") = "SingletonClass", "SingletonClass", "{5CF4186B-0B1D-4928-BBDF-EDB4889CBE53}"
EndProject
Project("{FAE04EC0-301F-11D3-BF4B-00C04F79EFBC}") = "StudentsSingleton", "StudentsSingletonClass\StudentsSingleton.csproj", "{89645FC2-3A94-41AE-9A2E-04310C8E72FF}"
EndProject
Global
	GlobalSection(SolutionConfigurationPlatforms) = preSolution
		Debug|x86 = Debug|x86
		Release|x86 = Release|x86
	EndGlobalSection
	GlobalSection(ProjectConfigurationPlatforms) = postSolution
		{5C897B23-379F-44DF-A8D4-AA6C77D6FCDA}.Debug|x86.ActiveCfg = Debug|x86
		{5C897B23-379F-44DF-A8D4-AA6C77D6FCDA}.Debug|x86.Build.0 = Debug|x86
		{5C897B23-379F-44DF-A8D4-AA6C77D6FCDA}.Release|x86.ActiveCfg = Release|x86
		{5C897B23-379F-44DF-A8D4-AA6C77D6FCDA}.Release|x86.Build.0 = Release|x86
		{89645FC2-3A94-41AE-9A2E-04310C8E72FF}.Debug|x86.ActiveCfg = Debug|x86
		{89645FC2-3A94-41AE-9A2E-04310C8E72FF}.Debug|x86.Build.0 = Debug|x86
		{89645FC2-3A94-41AE-9A2E-04310C8E72FF}.Release|x86.ActiveCfg = Release|x86
		{89645FC2-3A94-41AE-9A2E-04310C8E72FF}.Release|x86.Build.0 = Release|x86
	EndGlobalSection
	GlobalSection(NestedProjects) = preSolution
		{5C897B23-379F-44DF-A8D4-AA6C77D6FCDA} = {9205171C-CECD-4F7D-8436-63F639B3C61B}
		{89645FC2-3A94-41AE-9A2E-04310C8E72FF} = {5CF4186B-0B1D-4928-BBDF-EDB4889CBE53}
	EndGlobalSection
EndGlobal
