
Microsoft Visual Studio Solution File, Format Version 12.00
# Visual Studio 15
Project("{FAE04EC0-301F-11D3-BF4B-00C04F79EFBC}") = "Task_031_Facade_Pattern", "Task_031_Facade_Pattern\Task_031_Facade_Pattern.csproj", "{66837316-F964-4670-8A2D-8312BD1EA8EA}"
EndProject
Global
	GlobalSection(SolutionConfigurationPlatforms) = preSolution
		Debug|x86 = Debug|x86
		Release|x86 = Release|x86
	EndGlobalSection
	GlobalSection(ProjectConfigurationPlatforms) = postSolution
		{66837316-F964-4670-8A2D-8312BD1EA8EA}.Debug|x86.ActiveCfg = Debug|x86
		{66837316-F964-4670-8A2D-8312BD1EA8EA}.Debug|x86.Build.0 = Debug|x86
		{66837316-F964-4670-8A2D-8312BD1EA8EA}.Release|x86.ActiveCfg = Release|x86
		{66837316-F964-4670-8A2D-8312BD1EA8EA}.Release|x86.Build.0 = Release|x86
	EndGlobalSection
EndGlobal
