
Microsoft Visual Studio Solution File, Format Version 12.00
# Visual Studio 15
Project("{FAE04EC0-301F-11D3-BF4B-00C04F79EFBC}") = "Task35_prototype_pattern", "Task35_prototype_pattern\Task35_prototype_pattern.csproj", "{D013D75A-7A67-468F-93FD-3C69AF5F3C4A}"
EndProject
Global
	GlobalSection(SolutionConfigurationPlatforms) = preSolution
		Debug|x86 = Debug|x86
		Release|x86 = Release|x86
	EndGlobalSection
	GlobalSection(ProjectConfigurationPlatforms) = postSolution
		{D013D75A-7A67-468F-93FD-3C69AF5F3C4A}.Debug|x86.ActiveCfg = Debug|x86
		{D013D75A-7A67-468F-93FD-3C69AF5F3C4A}.Debug|x86.Build.0 = Debug|x86
		{D013D75A-7A67-468F-93FD-3C69AF5F3C4A}.Release|x86.ActiveCfg = Release|x86
		{D013D75A-7A67-468F-93FD-3C69AF5F3C4A}.Release|x86.Build.0 = Release|x86
	EndGlobalSection
EndGlobal
